
Microsoft Visual Studio Solution File, Format Version 12.00
# Visual Studio 15
VisualStudioVersion = 15.0.28307.1000
MinimumVisualStudioVersion = 10.0.40219.1
Project("{FAE04EC0-301F-11D3-BF4B-00C04F79EFBC}") = "Shaji_MatrixCalc", "Shaji_MatrixCalc\Shaji_MatrixCalc.csproj", "{381ACA6A-C387-49DF-AC17-A2E2F4F7D5D9}"
EndProject
Global
	GlobalSection(SolutionConfigurationPlatforms) = preSolution
		Debug|Any CPU = Debug|Any CPU
		Release|Any CPU = Release|Any CPU
	EndGlobalSection
	GlobalSection(ProjectConfigurationPlatforms) = postSolution
		{381ACA6A-C387-49DF-AC17-A2E2F4F7D5D9}.Debug|Any CPU.ActiveCfg = Debug|Any CPU
		{381ACA6A-C387-49DF-AC17-A2E2F4F7D5D9}.Debug|Any CPU.Build.0 = Debug|Any CPU
		{381ACA6A-C387-49DF-AC17-A2E2F4F7D5D9}.Release|Any CPU.ActiveCfg = Release|Any CPU
		{381ACA6A-C387-49DF-AC17-A2E2F4F7D5D9}.Release|Any CPU.Build.0 = Release|Any CPU
	EndGlobalSection
	GlobalSection(SolutionProperties) = preSolution
		HideSolutionNode = FALSE
	EndGlobalSection
	GlobalSection(ExtensibilityGlobals) = postSolution
		SolutionGuid = {123F7323-AC59-412F-BDA4-5854388C7131}
	EndGlobalSection
EndGlobal
